// !$*UTF8*$!
{
	archiveVersion = 1;
	classes = {
	};
	objectVersion = 56;
	objects = {

/* Begin PBXBuildFile section */
		DC87426B2A4BE3FC003AF0A3 /* ShoppingListReactNativeApp.swift in Sources */ = {isa = PBXBuildFile; fileRef = DC87426A2A4BE3FC003AF0A3 /* ShoppingListReactNativeApp.swift */; };
		DC87426D2A4BE3FC003AF0A3 /* ContentView.swift in Sources */ = {isa = PBXBuildFile; fileRef = DC87426C2A4BE3FC003AF0A3 /* ContentView.swift */; };
		DC87426F2A4BE3FE003AF0A3 /* Assets.xcassets in Resources */ = {isa = PBXBuildFile; fileRef = DC87426E2A4BE3FE003AF0A3 /* Assets.xcassets */; };
		DC8742732A4BE3FE003AF0A3 /* Preview Assets.xcassets in Resources */ = {isa = PBXBuildFile; fileRef = DC8742722A4BE3FE003AF0A3 /* Preview Assets.xcassets */; };
		DC87427D2A4BE3FE003AF0A3 /* ShoppingListReactNativeTests.swift in Sources */ = {isa = PBXBuildFile; fileRef = DC87427C2A4BE3FE003AF0A3 /* ShoppingListReactNativeTests.swift */; };
		DC8742872A4BE3FE003AF0A3 /* ShoppingListReactNativeUITests.swift in Sources */ = {isa = PBXBuildFile; fileRef = DC8742862A4BE3FE003AF0A3 /* ShoppingListReactNativeUITests.swift */; };
		DC8742892A4BE3FE003AF0A3 /* ShoppingListReactNativeUITestsLaunchTests.swift in Sources */ = {isa = PBXBuildFile; fileRef = DC8742882A4BE3FE003AF0A3 /* ShoppingListReactNativeUITestsLaunchTests.swift */; };
/* End PBXBuildFile section */

/* Begin PBXContainerItemProxy section */
		DC8742792A4BE3FE003AF0A3 /* PBXContainerItemProxy */ = {
			isa = PBXContainerItemProxy;
			containerPortal = DC87425F2A4BE3FC003AF0A3 /* Project object */;
			proxyType = 1;
			remoteGlobalIDString = DC8742662A4BE3FC003AF0A3;
			remoteInfo = ShoppingListReactNative;
		};
		DC8742832A4BE3FE003AF0A3 /* PBXContainerItemProxy */ = {
			isa = PBXContainerItemProxy;
			containerPortal = DC87425F2A4BE3FC003AF0A3 /* Project object */;
			proxyType = 1;
			remoteGlobalIDString = DC8742662A4BE3FC003AF0A3;
			remoteInfo = ShoppingListReactNative;
		};
/* End PBXContainerItemProxy section */

/* Begin PBXFileReference section */
		DC8742672A4BE3FC003AF0A3 /* ShoppingListReactNative.app */ = {isa = PBXFileReference; explicitFileType = wrapper.application; includeInIndex = 0; path = ShoppingListReactNative.app; sourceTree = BUILT_PRODUCTS_DIR; };
		DC87426A2A4BE3FC003AF0A3 /* ShoppingListReactNativeApp.swift */ = {isa = PBXFileReference; lastKnownFileType = sourcecode.swift; path = ShoppingListReactNativeApp.swift; sourceTree = "<group>"; };
		DC87426C2A4BE3FC003AF0A3 /* ContentView.swift */ = {isa = PBXFileReference; lastKnownFileType = sourcecode.swift; path = ContentView.swift; sourceTree = "<group>"; };
		DC87426E2A4BE3FE003AF0A3 /* Assets.xcassets */ = {isa = PBXFileReference; lastKnownFileType = folder.assetcatalog; path = Assets.xcassets; sourceTree = "<group>"; };
		DC8742702A4BE3FE003AF0A3 /* ShoppingListReactNative.entitlements */ = {isa = PBXFileReference; lastKnownFileType = text.plist.entitlements; path = ShoppingListReactNative.entitlements; sourceTree = "<group>"; };
		DC8742722A4BE3FE003AF0A3 /* Preview Assets.xcassets */ = {isa = PBXFileReference; lastKnownFileType = folder.assetcatalog; path = "Preview Assets.xcassets"; sourceTree = "<group>"; };
		DC8742782A4BE3FE003AF0A3 /* ShoppingListReactNativeTests.xctest */ = {isa = PBXFileReference; explicitFileType = wrapper.cfbundle; includeInIndex = 0; path = ShoppingListReactNativeTests.xctest; sourceTree = BUILT_PRODUCTS_DIR; };
		DC87427C2A4BE3FE003AF0A3 /* ShoppingListReactNativeTests.swift */ = {isa = PBXFileReference; lastKnownFileType = sourcecode.swift; path = ShoppingListReactNativeTests.swift; sourceTree = "<group>"; };
		DC8742822A4BE3FE003AF0A3 /* ShoppingListReactNativeUITests.xctest */ = {isa = PBXFileReference; explicitFileType = wrapper.cfbundle; includeInIndex = 0; path = ShoppingListReactNativeUITests.xctest; sourceTree = BUILT_PRODUCTS_DIR; };
		DC8742862A4BE3FE003AF0A3 /* ShoppingListReactNativeUITests.swift */ = {isa = PBXFileReference; lastKnownFileType = sourcecode.swift; path = ShoppingListReactNativeUITests.swift; sourceTree = "<group>"; };
		DC8742882A4BE3FE003AF0A3 /* ShoppingListReactNativeUITestsLaunchTests.swift */ = {isa = PBXFileReference; lastKnownFileType = sourcecode.swift; path = ShoppingListReactNativeUITestsLaunchTests.swift; sourceTree = "<group>"; };
/* End PBXFileReference section */

/* Begin PBXFrameworksBuildPhase section */
		DC8742642A4BE3FC003AF0A3 /* Frameworks */ = {
			isa = PBXFrameworksBuildPhase;
			buildActionMask = 2147483647;
			files = (
			);
			runOnlyForDeploymentPostprocessing = 0;
		};
		DC8742752A4BE3FE003AF0A3 /* Frameworks */ = {
			isa = PBXFrameworksBuildPhase;
			buildActionMask = 2147483647;
			files = (
			);
			runOnlyForDeploymentPostprocessing = 0;
		};
		DC87427F2A4BE3FE003AF0A3 /* Frameworks */ = {
			isa = PBXFrameworksBuildPhase;
			buildActionMask = 2147483647;
			files = (
			);
			runOnlyForDeploymentPostprocessing = 0;
		};
/* End PBXFrameworksBuildPhase section */

/* Begin PBXGroup section */
		DC87425E2A4BE3FC003AF0A3 = {
			isa = PBXGroup;
			children = (
				DC8742692A4BE3FC003AF0A3 /* ShoppingListReactNative */,
				DC87427B2A4BE3FE003AF0A3 /* ShoppingListReactNativeTests */,
				DC8742852A4BE3FE003AF0A3 /* ShoppingListReactNativeUITests */,
				DC8742682A4BE3FC003AF0A3 /* Products */,
			);
			sourceTree = "<group>";
		};
		DC8742682A4BE3FC003AF0A3 /* Products */ = {
			isa = PBXGroup;
			children = (
				DC8742672A4BE3FC003AF0A3 /* ShoppingListReactNative.app */,
				DC8742782A4BE3FE003AF0A3 /* ShoppingListReactNativeTests.xctest */,
				DC8742822A4BE3FE003AF0A3 /* ShoppingListReactNativeUITests.xctest */,
			);
			name = Products;
			sourceTree = "<group>";
		};
		DC8742692A4BE3FC003AF0A3 /* ShoppingListReactNative */ = {
			isa = PBXGroup;
			children = (
				DC87426A2A4BE3FC003AF0A3 /* ShoppingListReactNativeApp.swift */,
				DC87426C2A4BE3FC003AF0A3 /* ContentView.swift */,
				DC87426E2A4BE3FE003AF0A3 /* Assets.xcassets */,
				DC8742702A4BE3FE003AF0A3 /* ShoppingListReactNative.entitlements */,
				DC8742712A4BE3FE003AF0A3 /* Preview Content */,
			);
			path = ShoppingListReactNative;
			sourceTree = "<group>";
		};
		DC8742712A4BE3FE003AF0A3 /* Preview Content */ = {
			isa = PBXGroup;
			children = (
				DC8742722A4BE3FE003AF0A3 /* Preview Assets.xcassets */,
			);
			path = "Preview Content";
			sourceTree = "<group>";
		};
		DC87427B2A4BE3FE003AF0A3 /* ShoppingListReactNativeTests */ = {
			isa = PBXGroup;
			children = (
				DC87427C2A4BE3FE003AF0A3 /* ShoppingListReactNativeTests.swift */,
			);
			path = ShoppingListReactNativeTests;
			sourceTree = "<group>";
		};
		DC8742852A4BE3FE003AF0A3 /* ShoppingListReactNativeUITests */ = {
			isa = PBXGroup;
			children = (
				DC8742862A4BE3FE003AF0A3 /* ShoppingListReactNativeUITests.swift */,
				DC8742882A4BE3FE003AF0A3 /* ShoppingListReactNativeUITestsLaunchTests.swift */,
			);
			path = ShoppingListReactNativeUITests;
			sourceTree = "<group>";
		};
/* End PBXGroup section */

/* Begin PBXNativeTarget section */
		DC8742662A4BE3FC003AF0A3 /* ShoppingListReactNative */ = {
			isa = PBXNativeTarget;
			buildConfigurationList = DC87428C2A4BE3FE003AF0A3 /* Build configuration list for PBXNativeTarget "ShoppingListReactNative" */;
			buildPhases = (
				DC8742632A4BE3FC003AF0A3 /* Sources */,
				DC8742642A4BE3FC003AF0A3 /* Frameworks */,
				DC8742652A4BE3FC003AF0A3 /* Resources */,
			);
			buildRules = (
			);
			dependencies = (
			);
			name = ShoppingListReactNative;
			productName = ShoppingListReactNative;
			productReference = DC8742672A4BE3FC003AF0A3 /* ShoppingListReactNative.app */;
			productType = "com.apple.product-type.application";
		};
		DC8742772A4BE3FE003AF0A3 /* ShoppingListReactNativeTests */ = {
			isa = PBXNativeTarget;
			buildConfigurationList = DC87428F2A4BE3FE003AF0A3 /* Build configuration list for PBXNativeTarget "ShoppingListReactNativeTests" */;
			buildPhases = (
				DC8742742A4BE3FE003AF0A3 /* Sources */,
				DC8742752A4BE3FE003AF0A3 /* Frameworks */,
				DC8742762A4BE3FE003AF0A3 /* Resources */,
			);
			buildRules = (
			);
			dependencies = (
				DC87427A2A4BE3FE003AF0A3 /* PBXTargetDependency */,
			);
			name = ShoppingListReactNativeTests;
			productName = ShoppingListReactNativeTests;
			productReference = DC8742782A4BE3FE003AF0A3 /* ShoppingListReactNativeTests.xctest */;
			productType = "com.apple.product-type.bundle.unit-test";
		};
		DC8742812A4BE3FE003AF0A3 /* ShoppingListReactNativeUITests */ = {
			isa = PBXNativeTarget;
			buildConfigurationList = DC8742922A4BE3FE003AF0A3 /* Build configuration list for PBXNativeTarget "ShoppingListReactNativeUITests" */;
			buildPhases = (
				DC87427E2A4BE3FE003AF0A3 /* Sources */,
				DC87427F2A4BE3FE003AF0A3 /* Frameworks */,
				DC8742802A4BE3FE003AF0A3 /* Resources */,
			);
			buildRules = (
			);
			dependencies = (
				DC8742842A4BE3FE003AF0A3 /* PBXTargetDependency */,
			);
			name = ShoppingListReactNativeUITests;
			productName = ShoppingListReactNativeUITests;
			productReference = DC8742822A4BE3FE003AF0A3 /* ShoppingListReactNativeUITests.xctest */;
			productType = "com.apple.product-type.bundle.ui-testing";
		};
/* End PBXNativeTarget section */

/* Begin PBXProject section */
		DC87425F2A4BE3FC003AF0A3 /* Project object */ = {
			isa = PBXProject;
			attributes = {
				BuildIndependentTargetsInParallel = 1;
				LastSwiftUpdateCheck = 1430;
				LastUpgradeCheck = 1430;
				TargetAttributes = {
					DC8742662A4BE3FC003AF0A3 = {
						CreatedOnToolsVersion = 14.3.1;
					};
					DC8742772A4BE3FE003AF0A3 = {
						CreatedOnToolsVersion = 14.3.1;
						TestTargetID = DC8742662A4BE3FC003AF0A3;
					};
					DC8742812A4BE3FE003AF0A3 = {
						CreatedOnToolsVersion = 14.3.1;
						TestTargetID = DC8742662A4BE3FC003AF0A3;
					};
				};
			};
			buildConfigurationList = DC8742622A4BE3FC003AF0A3 /* Build configuration list for PBXProject "ShoppingListReactNative" */;
			compatibilityVersion = "Xcode 14.0";
			developmentRegion = en;
			hasScannedForEncodings = 0;
			knownRegions = (
				en,
				Base,
			);
			mainGroup = DC87425E2A4BE3FC003AF0A3;
			productRefGroup = DC8742682A4BE3FC003AF0A3 /* Products */;
			projectDirPath = "";
			projectRoot = "";
			targets = (
				DC8742662A4BE3FC003AF0A3 /* ShoppingListReactNative */,
				DC8742772A4BE3FE003AF0A3 /* ShoppingListReactNativeTests */,
				DC8742812A4BE3FE003AF0A3 /* ShoppingListReactNativeUITests */,
			);
		};
/* End PBXProject section */

/* Begin PBXResourcesBuildPhase section */
		DC8742652A4BE3FC003AF0A3 /* Resources */ = {
			isa = PBXResourcesBuildPhase;
			buildActionMask = 2147483647;
			files = (
				DC8742732A4BE3FE003AF0A3 /* Preview Assets.xcassets in Resources */,
				DC87426F2A4BE3FE003AF0A3 /* Assets.xcassets in Resources */,
			);
			runOnlyForDeploymentPostprocessing = 0;
		};
		DC8742762A4BE3FE003AF0A3 /* Resources */ = {
			isa = PBXResourcesBuildPhase;
			buildActionMask = 2147483647;
			files = (
			);
			runOnlyForDeploymentPostprocessing = 0;
		};
		DC8742802A4BE3FE003AF0A3 /* Resources */ = {
			isa = PBXResourcesBuildPhase;
			buildActionMask = 2147483647;
			files = (
			);
			runOnlyForDeploymentPostprocessing = 0;
		};
/* End PBXResourcesBuildPhase section */

/* Begin PBXSourcesBuildPhase section */
		DC8742632A4BE3FC003AF0A3 /* Sources */ = {
			isa = PBXSourcesBuildPhase;
			buildActionMask = 2147483647;
			files = (
				DC87426D2A4BE3FC003AF0A3 /* ContentView.swift in Sources */,
				DC87426B2A4BE3FC003AF0A3 /* ShoppingListReactNativeApp.swift in Sources */,
			);
			runOnlyForDeploymentPostprocessing = 0;
		};
		DC8742742A4BE3FE003AF0A3 /* Sources */ = {
			isa = PBXSourcesBuildPhase;
			buildActionMask = 2147483647;
			files = (
				DC87427D2A4BE3FE003AF0A3 /* ShoppingListReactNativeTests.swift in Sources */,
			);
			runOnlyForDeploymentPostprocessing = 0;
		};
		DC87427E2A4BE3FE003AF0A3 /* Sources */ = {
			isa = PBXSourcesBuildPhase;
			buildActionMask = 2147483647;
			files = (
				DC8742872A4BE3FE003AF0A3 /* ShoppingListReactNativeUITests.swift in Sources */,
				DC8742892A4BE3FE003AF0A3 /* ShoppingListReactNativeUITestsLaunchTests.swift in Sources */,
			);
			runOnlyForDeploymentPostprocessing = 0;
		};
/* End PBXSourcesBuildPhase section */

/* Begin PBXTargetDependency section */
		DC87427A2A4BE3FE003AF0A3 /* PBXTargetDependency */ = {
			isa = PBXTargetDependency;
			target = DC8742662A4BE3FC003AF0A3 /* ShoppingListReactNative */;
			targetProxy = DC8742792A4BE3FE003AF0A3 /* PBXContainerItemProxy */;
		};
		DC8742842A4BE3FE003AF0A3 /* PBXTargetDependency */ = {
			isa = PBXTargetDependency;
			target = DC8742662A4BE3FC003AF0A3 /* ShoppingListReactNative */;
			targetProxy = DC8742832A4BE3FE003AF0A3 /* PBXContainerItemProxy */;
		};
/* End PBXTargetDependency section */

/* Begin XCBuildConfiguration section */
		DC87428A2A4BE3FE003AF0A3 /* Debug */ = {
			isa = XCBuildConfiguration;
			buildSettings = {
				ALWAYS_SEARCH_USER_PATHS = NO;
				CLANG_ANALYZER_NONNULL = YES;
				CLANG_ANALYZER_NUMBER_OBJECT_CONVERSION = YES_AGGRESSIVE;
				CLANG_CXX_LANGUAGE_STANDARD = "gnu++20";
				CLANG_ENABLE_MODULES = YES;
				CLANG_ENABLE_OBJC_ARC = YES;
				CLANG_ENABLE_OBJC_WEAK = YES;
				CLANG_WARN_BLOCK_CAPTURE_AUTORELEASING = YES;
				CLANG_WARN_BOOL_CONVERSION = YES;
				CLANG_WARN_COMMA = YES;
				CLANG_WARN_CONSTANT_CONVERSION = YES;
				CLANG_WARN_DEPRECATED_OBJC_IMPLEMENTATIONS = YES;
				CLANG_WARN_DIRECT_OBJC_ISA_USAGE = YES_ERROR;
				CLANG_WARN_DOCUMENTATION_COMMENTS = YES;
				CLANG_WARN_EMPTY_BODY = YES;
				CLANG_WARN_ENUM_CONVERSION = YES;
				CLANG_WARN_INFINITE_RECURSION = YES;
				CLANG_WARN_INT_CONVERSION = YES;
				CLANG_WARN_NON_LITERAL_NULL_CONVERSION = YES;
				CLANG_WARN_OBJC_IMPLICIT_RETAIN_SELF = YES;
				CLANG_WARN_OBJC_LITERAL_CONVERSION = YES;
				CLANG_WARN_OBJC_ROOT_CLASS = YES_ERROR;
				CLANG_WARN_QUOTED_INCLUDE_IN_FRAMEWORK_HEADER = YES;
				CLANG_WARN_RANGE_LOOP_ANALYSIS = YES;
				CLANG_WARN_STRICT_PROTOTYPES = YES;
				CLANG_WARN_SUSPICIOUS_MOVE = YES;
				CLANG_WARN_UNGUARDED_AVAILABILITY = YES_AGGRESSIVE;
				CLANG_WARN_UNREACHABLE_CODE = YES;
				CLANG_WARN__DUPLICATE_METHOD_MATCH = YES;
				COPY_PHASE_STRIP = NO;
				DEBUG_INFORMATION_FORMAT = dwarf;
				ENABLE_STRICT_OBJC_MSGSEND = YES;
				ENABLE_TESTABILITY = YES;
				GCC_C_LANGUAGE_STANDARD = gnu11;
				GCC_DYNAMIC_NO_PIC = NO;
				GCC_NO_COMMON_BLOCKS = YES;
				GCC_OPTIMIZATION_LEVEL = 0;
				GCC_PREPROCESSOR_DEFINITIONS = (
					"DEBUG=1",
					"$(inherited)",
				);
				GCC_WARN_64_TO_32_BIT_CONVERSION = YES;
				GCC_WARN_ABOUT_RETURN_TYPE = YES_ERROR;
				GCC_WARN_UNDECLARED_SELECTOR = YES;
				GCC_WARN_UNINITIALIZED_AUTOS = YES_AGGRESSIVE;
				GCC_WARN_UNUSED_FUNCTION = YES;
				GCC_WARN_UNUSED_VARIABLE = YES;
				MTL_ENABLE_DEBUG_INFO = INCLUDE_SOURCE;
				MTL_FAST_MATH = YES;
				ONLY_ACTIVE_ARCH = YES;
				SWIFT_ACTIVE_COMPILATION_CONDITIONS = DEBUG;
				SWIFT_OPTIMIZATION_LEVEL = "-Onone";
			};
			name = Debug;
		};
		DC87428B2A4BE3FE003AF0A3 /* Release */ = {
			isa = XCBuildConfiguration;
			buildSettings = {
				ALWAYS_SEARCH_USER_PATHS = NO;
				CLANG_ANALYZER_NONNULL = YES;
				CLANG_ANALYZER_NUMBER_OBJECT_CONVERSION = YES_AGGRESSIVE;
				CLANG_CXX_LANGUAGE_STANDARD = "gnu++20";
				CLANG_ENABLE_MODULES = YES;
				CLANG_ENABLE_OBJC_ARC = YES;
				CLANG_ENABLE_OBJC_WEAK = YES;
				CLANG_WARN_BLOCK_CAPTURE_AUTORELEASING = YES;
				CLANG_WARN_BOOL_CONVERSION = YES;
				CLANG_WARN_COMMA = YES;
				CLANG_WARN_CONSTANT_CONVERSION = YES;
				CLANG_WARN_DEPRECATED_OBJC_IMPLEMENTATIONS = YES;
				CLANG_WARN_DIRECT_OBJC_ISA_USAGE = YES_ERROR;
				CLANG_WARN_DOCUMENTATION_COMMENTS = YES;
				CLANG_WARN_EMPTY_BODY = YES;
				CLANG_WARN_ENUM_CONVERSION = YES;
				CLANG_WARN_INFINITE_RECURSION = YES;
				CLANG_WARN_INT_CONVERSION = YES;
				CLANG_WARN_NON_LITERAL_NULL_CONVERSION = YES;
				CLANG_WARN_OBJC_IMPLICIT_RETAIN_SELF = YES;
				CLANG_WARN_OBJC_LITERAL_CONVERSION = YES;
				CLANG_WARN_OBJC_ROOT_CLASS = YES_ERROR;
				CLANG_WARN_QUOTED_INCLUDE_IN_FRAMEWORK_HEADER = YES;
				CLANG_WARN_RANGE_LOOP_ANALYSIS = YES;
				CLANG_WARN_STRICT_PROTOTYPES = YES;
				CLANG_WARN_SUSPICIOUS_MOVE = YES;
				CLANG_WARN_UNGUARDED_AVAILABILITY = YES_AGGRESSIVE;
				CLANG_WARN_UNREACHABLE_CODE = YES;
				CLANG_WARN__DUPLICATE_METHOD_MATCH = YES;
				COPY_PHASE_STRIP = NO;
				DEBUG_INFORMATION_FORMAT = "dwarf-with-dsym";
				ENABLE_NS_ASSERTIONS = NO;
				ENABLE_STRICT_OBJC_MSGSEND = YES;
				GCC_C_LANGUAGE_STANDARD = gnu11;
				GCC_NO_COMMON_BLOCKS = YES;
				GCC_WARN_64_TO_32_BIT_CONVERSION = YES;
				GCC_WARN_ABOUT_RETURN_TYPE = YES_ERROR;
				GCC_WARN_UNDECLARED_SELECTOR = YES;
				GCC_WARN_UNINITIALIZED_AUTOS = YES_AGGRESSIVE;
				GCC_WARN_UNUSED_FUNCTION = YES;
				GCC_WARN_UNUSED_VARIABLE = YES;
				MTL_ENABLE_DEBUG_INFO = NO;
				MTL_FAST_MATH = YES;
				SWIFT_COMPILATION_MODE = wholemodule;
				SWIFT_OPTIMIZATION_LEVEL = "-O";
			};
			name = Release;
		};
		DC87428D2A4BE3FE003AF0A3 /* Debug */ = {
			isa = XCBuildConfiguration;
			buildSettings = {
				ASSETCATALOG_COMPILER_APPICON_NAME = AppIcon;
				ASSETCATALOG_COMPILER_GLOBAL_ACCENT_COLOR_NAME = AccentColor;
				CODE_SIGN_ENTITLEMENTS = ShoppingListReactNative/ShoppingListReactNative.entitlements;
				CODE_SIGN_STYLE = Automatic;
				CURRENT_PROJECT_VERSION = 1;
				DEVELOPMENT_ASSET_PATHS = "\"ShoppingListReactNative/Preview Content\"";
				DEVELOPMENT_TEAM = TV65HCYL5X;
				ENABLE_HARDENED_RUNTIME = YES;
				ENABLE_PREVIEWS = YES;
				GENERATE_INFOPLIST_FILE = YES;
				"INFOPLIST_KEY_UIApplicationSceneManifest_Generation[sdk=iphoneos*]" = YES;
				"INFOPLIST_KEY_UIApplicationSceneManifest_Generation[sdk=iphonesimulator*]" = YES;
				"INFOPLIST_KEY_UIApplicationSupportsIndirectInputEvents[sdk=iphoneos*]" = YES;
				"INFOPLIST_KEY_UIApplicationSupportsIndirectInputEvents[sdk=iphonesimulator*]" = YES;
				"INFOPLIST_KEY_UILaunchScreen_Generation[sdk=iphoneos*]" = YES;
				"INFOPLIST_KEY_UILaunchScreen_Generation[sdk=iphonesimulator*]" = YES;
				"INFOPLIST_KEY_UIStatusBarStyle[sdk=iphoneos*]" = UIStatusBarStyleDefault;
				"INFOPLIST_KEY_UIStatusBarStyle[sdk=iphonesimulator*]" = UIStatusBarStyleDefault;
				INFOPLIST_KEY_UISupportedInterfaceOrientations_iPad = "UIInterfaceOrientationPortrait UIInterfaceOrientationPortraitUpsideDown UIInterfaceOrientationLandscapeLeft UIInterfaceOrientationLandscapeRight";
				INFOPLIST_KEY_UISupportedInterfaceOrientations_iPhone = "UIInterfaceOrientationPortrait UIInterfaceOrientationLandscapeLeft UIInterfaceOrientationLandscapeRight";
				IPHONEOS_DEPLOYMENT_TARGET = 16.4;
				LD_RUNPATH_SEARCH_PATHS = "@executable_path/Frameworks";
				"LD_RUNPATH_SEARCH_PATHS[sdk=macosx*]" = "@executable_path/../Frameworks";
				MACOSX_DEPLOYMENT_TARGET = 13.2;
				MARKETING_VERSION = 1.0;
				PRODUCT_BUNDLE_IDENTIFIER = "Stephen-DiPietro.ShoppingListReactNative";
				PRODUCT_NAME = "$(TARGET_NAME)";
				SDKROOT = auto;
				SUPPORTED_PLATFORMS = "iphoneos iphonesimulator macosx";
				SWIFT_EMIT_LOC_STRINGS = YES;
				SWIFT_VERSION = 5.0;
				TARGETED_DEVICE_FAMILY = "1,2";
			};
			name = Debug;
		};
		DC87428E2A4BE3FE003AF0A3 /* Release */ = {
			isa = XCBuildConfiguration;
			buildSettings = {
				ASSETCATALOG_COMPILER_APPICON_NAME = AppIcon;
				ASSETCATALOG_COMPILER_GLOBAL_ACCENT_COLOR_NAME = AccentColor;
				CODE_SIGN_ENTITLEMENTS = ShoppingListReactNative/ShoppingListReactNative.entitlements;
				CODE_SIGN_STYLE = Automatic;
				CURRENT_PROJECT_VERSION = 1;
				DEVELOPMENT_ASSET_PATHS = "\"ShoppingListReactNative/Preview Content\"";
				DEVELOPMENT_TEAM = TV65HCYL5X;
				ENABLE_HARDENED_RUNTIME = YES;
				ENABLE_PREVIEWS = YES;
				GENERATE_INFOPLIST_FILE = YES;
				"INFOPLIST_KEY_UIApplicationSceneManifest_Generation[sdk=iphoneos*]" = YES;
				"INFOPLIST_KEY_UIApplicationSceneManifest_Generation[sdk=iphonesimulator*]" = YES;
				"INFOPLIST_KEY_UIApplicationSupportsIndirectInputEvents[sdk=iphoneos*]" = YES;
				"INFOPLIST_KEY_UIApplicationSupportsIndirectInputEvents[sdk=iphonesimulator*]" = YES;
				"INFOPLIST_KEY_UILaunchScreen_Generation[sdk=iphoneos*]" = YES;
				"INFOPLIST_KEY_UILaunchScreen_Generation[sdk=iphonesimulator*]" = YES;
				"INFOPLIST_KEY_UIStatusBarStyle[sdk=iphoneos*]" = UIStatusBarStyleDefault;
				"INFOPLIST_KEY_UIStatusBarStyle[sdk=iphonesimulator*]" = UIStatusBarStyleDefault;
				INFOPLIST_KEY_UISupportedInterfaceOrientations_iPad = "UIInterfaceOrientationPortrait UIInterfaceOrientationPortraitUpsideDown UIInterfaceOrientationLandscapeLeft UIInterfaceOrientationLandscapeRight";
				INFOPLIST_KEY_UISupportedInterfaceOrientations_iPhone = "UIInterfaceOrientationPortrait UIInterfaceOrientationLandscapeLeft UIInterfaceOrientationLandscapeRight";
				IPHONEOS_DEPLOYMENT_TARGET = 16.4;
				LD_RUNPATH_SEARCH_PATHS = "@executable_path/Frameworks";
				"LD_RUNPATH_SEARCH_PATHS[sdk=macosx*]" = "@executable_path/../Frameworks";
				MACOSX_DEPLOYMENT_TARGET = 13.2;
				MARKETING_VERSION = 1.0;
				PRODUCT_BUNDLE_IDENTIFIER = "Stephen-DiPietro.ShoppingListReactNative";
				PRODUCT_NAME = "$(TARGET_NAME)";
				SDKROOT = auto;
				SUPPORTED_PLATFORMS = "iphoneos iphonesimulator macosx";
				SWIFT_EMIT_LOC_STRINGS = YES;
				SWIFT_VERSION = 5.0;
				TARGETED_DEVICE_FAMILY = "1,2";
			};
			name = Release;
		};
		DC8742902A4BE3FE003AF0A3 /* Debug */ = {
			isa = XCBuildConfiguration;
			buildSettings = {
				ALWAYS_EMBED_SWIFT_STANDARD_LIBRARIES = YES;
				BUNDLE_LOADER = "$(TEST_HOST)";
				CODE_SIGN_STYLE = Automatic;
				CURRENT_PROJECT_VERSION = 1;
				DEVELOPMENT_TEAM = TV65HCYL5X;
				GENERATE_INFOPLIST_FILE = YES;
				IPHONEOS_DEPLOYMENT_TARGET = 16.4;
				MACOSX_DEPLOYMENT_TARGET = 13.2;
				MARKETING_VERSION = 1.0;
				PRODUCT_BUNDLE_IDENTIFIER = "Stephen-DiPietro.ShoppingListReactNativeTests";
				PRODUCT_NAME = "$(TARGET_NAME)";
				SDKROOT = auto;
				SUPPORTED_PLATFORMS = "iphoneos iphonesimulator macosx";
				SWIFT_EMIT_LOC_STRINGS = NO;
				SWIFT_VERSION = 5.0;
				TARGETED_DEVICE_FAMILY = "1,2";
				TEST_HOST = "$(BUILT_PRODUCTS_DIR)/ShoppingListReactNative.app/$(BUNDLE_EXECUTABLE_FOLDER_PATH)/ShoppingListReactNative";
			};
			name = Debug;
		};
		DC8742912A4BE3FE003AF0A3 /* Release */ = {
			isa = XCBuildConfiguration;
			buildSettings = {
				ALWAYS_EMBED_SWIFT_STANDARD_LIBRARIES = YES;
				BUNDLE_LOADER = "$(TEST_HOST)";
				CODE_SIGN_STYLE = Automatic;
				CURRENT_PROJECT_VERSION = 1;
				DEVELOPMENT_TEAM = TV65HCYL5X;
				GENERATE_INFOPLIST_FILE = YES;
				IPHONEOS_DEPLOYMENT_TARGET = 16.4;
				MACOSX_DEPLOYMENT_TARGET = 13.2;
				MARKETING_VERSION = 1.0;
				PRODUCT_BUNDLE_IDENTIFIER = "Stephen-DiPietro.ShoppingListReactNativeTests";
				PRODUCT_NAME = "$(TARGET_NAME)";
				SDKROOT = auto;
				SUPPORTED_PLATFORMS = "iphoneos iphonesimulator macosx";
				SWIFT_EMIT_LOC_STRINGS = NO;
				SWIFT_VERSION = 5.0;
				TARGETED_DEVICE_FAMILY = "1,2";
				TEST_HOST = "$(BUILT_PRODUCTS_DIR)/ShoppingListReactNative.app/$(BUNDLE_EXECUTABLE_FOLDER_PATH)/ShoppingListReactNative";
			};
			name = Release;
		};
		DC8742932A4BE3FE003AF0A3 /* Debug */ = {
			isa = XCBuildConfiguration;
			buildSettings = {
				ALWAYS_EMBED_SWIFT_STANDARD_LIBRARIES = YES;
				CODE_SIGN_STYLE = Automatic;
				CURRENT_PROJECT_VERSION = 1;
				DEVELOPMENT_TEAM = TV65HCYL5X;
				GENERATE_INFOPLIST_FILE = YES;
				IPHONEOS_DEPLOYMENT_TARGET = 16.4;
				MACOSX_DEPLOYMENT_TARGET = 13.2;
				MARKETING_VERSION = 1.0;
				PRODUCT_BUNDLE_IDENTIFIER = "Stephen-DiPietro.ShoppingListReactNativeUITests";
				PRODUCT_NAME = "$(TARGET_NAME)";
				SDKROOT = auto;
				SUPPORTED_PLATFORMS = "iphoneos iphonesimulator macosx";
				SWIFT_EMIT_LOC_STRINGS = NO;
				SWIFT_VERSION = 5.0;
				TARGETED_DEVICE_FAMILY = "1,2";
				TEST_TARGET_NAME = ShoppingListReactNative;
			};
			name = Debug;
		};
		DC8742942A4BE3FE003AF0A3 /* Release */ = {
			isa = XCBuildConfiguration;
			buildSettings = {
				ALWAYS_EMBED_SWIFT_STANDARD_LIBRARIES = YES;
				CODE_SIGN_STYLE = Automatic;
				CURRENT_PROJECT_VERSION = 1;
				DEVELOPMENT_TEAM = TV65HCYL5X;
				GENERATE_INFOPLIST_FILE = YES;
				IPHONEOS_DEPLOYMENT_TARGET = 16.4;
				MACOSX_DEPLOYMENT_TARGET = 13.2;
				MARKETING_VERSION = 1.0;
				PRODUCT_BUNDLE_IDENTIFIER = "Stephen-DiPietro.ShoppingListReactNativeUITests";
				PRODUCT_NAME = "$(TARGET_NAME)";
				SDKROOT = auto;
				SUPPORTED_PLATFORMS = "iphoneos iphonesimulator macosx";
				SWIFT_EMIT_LOC_STRINGS = NO;
				SWIFT_VERSION = 5.0;
				TARGETED_DEVICE_FAMILY = "1,2";
				TEST_TARGET_NAME = ShoppingListReactNative;
			};
			name = Release;
		};
/* End XCBuildConfiguration section */

/* Begin XCConfigurationList section */
		DC8742622A4BE3FC003AF0A3 /* Build configuration list for PBXProject "ShoppingListReactNative" */ = {
			isa = XCConfigurationList;
			buildConfigurations = (
				DC87428A2A4BE3FE003AF0A3 /* Debug */,
				DC87428B2A4BE3FE003AF0A3 /* Release */,
			);
			defaultConfigurationIsVisible = 0;
			defaultConfigurationName = Release;
		};
		DC87428C2A4BE3FE003AF0A3 /* Build configuration list for PBXNativeTarget "ShoppingListReactNative" */ = {
			isa = XCConfigurationList;
			buildConfigurations = (
				DC87428D2A4BE3FE003AF0A3 /* Debug */,
				DC87428E2A4BE3FE003AF0A3 /* Release */,
			);
			defaultConfigurationIsVisible = 0;
			defaultConfigurationName = Release;
		};
		DC87428F2A4BE3FE003AF0A3 /* Build configuration list for PBXNativeTarget "ShoppingListReactNativeTests" */ = {
			isa = XCConfigurationList;
			buildConfigurations = (
				DC8742902A4BE3FE003AF0A3 /* Debug */,
				DC8742912A4BE3FE003AF0A3 /* Release */,
			);
			defaultConfigurationIsVisible = 0;
			defaultConfigurationName = Release;
		};
		DC8742922A4BE3FE003AF0A3 /* Build configuration list for PBXNativeTarget "ShoppingListReactNativeUITests" */ = {
			isa = XCConfigurationList;
			buildConfigurations = (
				DC8742932A4BE3FE003AF0A3 /* Debug */,
				DC8742942A4BE3FE003AF0A3 /* Release */,
			);
			defaultConfigurationIsVisible = 0;
			defaultConfigurationName = Release;
		};
/* End XCConfigurationList section */
	};
	rootObject = DC87425F2A4BE3FC003AF0A3 /* Project object */;
}
